
Microsoft Visual Studio Solution File, Format Version 12.00
# Visual Studio Version 17
VisualStudioVersion = 17.1.32228.430
MinimumVisualStudioVersion = 10.0.40219.1
Project("{9A19103F-16F7-4668-BE54-9A1E7A4F7556}") = "WpfDependencyProperty", "WpfDependencyProperty\WpfDependencyProperty.csproj", "{FA23F9DE-A5FF-46A2-A540-B15CBF533A54}"
EndProject
Project("{9A19103F-16F7-4668-BE54-9A1E7A4F7556}") = "WpfMvvmDataGrid", "WpfMvvmDataGrid\WpfMvvmDataGrid.csproj", "{C14A816D-EF4C-474F-8062-465C78DF8CDA}"
EndProject
Project("{9A19103F-16F7-4668-BE54-9A1E7A4F7556}") = "WpfUiDemo.MaterialDesign", "WpfUiDemo.MaterialDesign\WpfUiDemo.MaterialDesign.csproj", "{50B6232F-E805-4FA7-A7CA-8DF92201C07C}"
EndProject
Project("{9A19103F-16F7-4668-BE54-9A1E7A4F7556}") = "WpfUiDemo.NetEast", "WpfUiDemo.NetEast\WpfUiDemo.NetEast.csproj", "{8553EC0C-B9C1-4E53-86EF-4D225598F053}"
EndProject
Project("{9A19103F-16F7-4668-BE54-9A1E7A4F7556}") = "WpfUiDemo.FreeUid1", "WpfUiDemo.FreeUid1\WpfUiDemo.FreeUid1.csproj", "{E7152C60-614F-4C48-A11E-E457BEBB10AF}"
EndProject
Project("{9A19103F-16F7-4668-BE54-9A1E7A4F7556}") = "WpfUiDemo.FreeUid2", "WpfUiDemo.FreeUid2\WpfUiDemo.FreeUid2.csproj", "{765A754A-5081-48D4-86DB-D4203124240A}"
EndProject
Project("{9A19103F-16F7-4668-BE54-9A1E7A4F7556}") = "WpfUiDemo.FreeUid3", "WpfUiDemo.Freeuid3\WpfUiDemo.FreeUid3.csproj", "{EC5DB346-EE80-48C2-A574-F99F45C6BD75}"
EndProject
Project("{9A19103F-16F7-4668-BE54-9A1E7A4F7556}") = "WpfUiDemo.FreeUid4", "WpfUiDemo.FreeUid4\WpfUiDemo.FreeUid4.csproj", "{01ADCBD8-7CD1-4710-9C7D-030C8F289785}"
EndProject
Project("{9A19103F-16F7-4668-BE54-9A1E7A4F7556}") = "Microsoft.ToDo", "Microsoft.ToDo\Microsoft.ToDo.csproj", "{3FE5A238-4D8D-4F2F-9A6F-C3985A071C59}"
EndProject
Project("{9A19103F-16F7-4668-BE54-9A1E7A4F7556}") = "WpfExtension", "WpfExtension\WpfExtension.csproj", "{65BF0747-C367-448C-A685-3B1C0DC2EA4A}"
EndProject
Project("{9A19103F-16F7-4668-BE54-9A1E7A4F7556}") = "WpfAnimation", "WpfAnimation\WpfAnimation.csproj", "{00F0B917-AC26-42DC-9D66-BB72765F245C}"
EndProject
Project("{FAE04EC0-301F-11D3-BF4B-00C04F79EFBC}") = "WpfLiveChart", "WpfLiveChart\WpfLiveChart.csproj", "{EA12CDB6-2522-49A3-828A-6A7BADEF14D5}"
EndProject
Project("{FAE04EC0-301F-11D3-BF4B-00C04F79EFBC}") = "NlogTest", "NlogTest\NlogTest.csproj", "{997E49A5-EB52-4FF5-A7B3-AD42DA619A6A}"
EndProject
Global
	GlobalSection(SolutionConfigurationPlatforms) = preSolution
		Debug|Any CPU = Debug|Any CPU
		Release|Any CPU = Release|Any CPU
	EndGlobalSection
	GlobalSection(ProjectConfigurationPlatforms) = postSolution
		{FA23F9DE-A5FF-46A2-A540-B15CBF533A54}.Debug|Any CPU.ActiveCfg = Debug|Any CPU
		{FA23F9DE-A5FF-46A2-A540-B15CBF533A54}.Debug|Any CPU.Build.0 = Debug|Any CPU
		{FA23F9DE-A5FF-46A2-A540-B15CBF533A54}.Release|Any CPU.ActiveCfg = Release|Any CPU
		{FA23F9DE-A5FF-46A2-A540-B15CBF533A54}.Release|Any CPU.Build.0 = Release|Any CPU
		{C14A816D-EF4C-474F-8062-465C78DF8CDA}.Debug|Any CPU.ActiveCfg = Debug|Any CPU
		{C14A816D-EF4C-474F-8062-465C78DF8CDA}.Debug|Any CPU.Build.0 = Debug|Any CPU
		{C14A816D-EF4C-474F-8062-465C78DF8CDA}.Release|Any CPU.ActiveCfg = Release|Any CPU
		{C14A816D-EF4C-474F-8062-465C78DF8CDA}.Release|Any CPU.Build.0 = Release|Any CPU
		{50B6232F-E805-4FA7-A7CA-8DF92201C07C}.Debug|Any CPU.ActiveCfg = Debug|Any CPU
		{50B6232F-E805-4FA7-A7CA-8DF92201C07C}.Debug|Any CPU.Build.0 = Debug|Any CPU
		{50B6232F-E805-4FA7-A7CA-8DF92201C07C}.Release|Any CPU.ActiveCfg = Release|Any CPU
		{50B6232F-E805-4FA7-A7CA-8DF92201C07C}.Release|Any CPU.Build.0 = Release|Any CPU
		{8553EC0C-B9C1-4E53-86EF-4D225598F053}.Debug|Any CPU.ActiveCfg = Debug|Any CPU
		{8553EC0C-B9C1-4E53-86EF-4D225598F053}.Debug|Any CPU.Build.0 = Debug|Any CPU
		{8553EC0C-B9C1-4E53-86EF-4D225598F053}.Release|Any CPU.ActiveCfg = Release|Any CPU
		{8553EC0C-B9C1-4E53-86EF-4D225598F053}.Release|Any CPU.Build.0 = Release|Any CPU
		{E7152C60-614F-4C48-A11E-E457BEBB10AF}.Debug|Any CPU.ActiveCfg = Debug|Any CPU
		{E7152C60-614F-4C48-A11E-E457BEBB10AF}.Debug|Any CPU.Build.0 = Debug|Any CPU
		{E7152C60-614F-4C48-A11E-E457BEBB10AF}.Release|Any CPU.ActiveCfg = Release|Any CPU
		{E7152C60-614F-4C48-A11E-E457BEBB10AF}.Release|Any CPU.Build.0 = Release|Any CPU
		{765A754A-5081-48D4-86DB-D4203124240A}.Debug|Any CPU.ActiveCfg = Debug|Any CPU
		{765A754A-5081-48D4-86DB-D4203124240A}.Debug|Any CPU.Build.0 = Debug|Any CPU
		{765A754A-5081-48D4-86DB-D4203124240A}.Release|Any CPU.ActiveCfg = Release|Any CPU
		{765A754A-5081-48D4-86DB-D4203124240A}.Release|Any CPU.Build.0 = Release|Any CPU
		{EC5DB346-EE80-48C2-A574-F99F45C6BD75}.Debug|Any CPU.ActiveCfg = Debug|Any CPU
		{EC5DB346-EE80-48C2-A574-F99F45C6BD75}.Debug|Any CPU.Build.0 = Debug|Any CPU
		{EC5DB346-EE80-48C2-A574-F99F45C6BD75}.Release|Any CPU.ActiveCfg = Release|Any CPU
		{EC5DB346-EE80-48C2-A574-F99F45C6BD75}.Release|Any CPU.Build.0 = Release|Any CPU
		{01ADCBD8-7CD1-4710-9C7D-030C8F289785}.Debug|Any CPU.ActiveCfg = Debug|Any CPU
		{01ADCBD8-7CD1-4710-9C7D-030C8F289785}.Debug|Any CPU.Build.0 = Debug|Any CPU
		{01ADCBD8-7CD1-4710-9C7D-030C8F289785}.Release|Any CPU.ActiveCfg = Release|Any CPU
		{01ADCBD8-7CD1-4710-9C7D-030C8F289785}.Release|Any CPU.Build.0 = Release|Any CPU
		{3FE5A238-4D8D-4F2F-9A6F-C3985A071C59}.Debug|Any CPU.ActiveCfg = Debug|Any CPU
		{3FE5A238-4D8D-4F2F-9A6F-C3985A071C59}.Debug|Any CPU.Build.0 = Debug|Any CPU
		{3FE5A238-4D8D-4F2F-9A6F-C3985A071C59}.Release|Any CPU.ActiveCfg = Release|Any CPU
		{3FE5A238-4D8D-4F2F-9A6F-C3985A071C59}.Release|Any CPU.Build.0 = Release|Any CPU
		{65BF0747-C367-448C-A685-3B1C0DC2EA4A}.Debug|Any CPU.ActiveCfg = Debug|Any CPU
		{65BF0747-C367-448C-A685-3B1C0DC2EA4A}.Debug|Any CPU.Build.0 = Debug|Any CPU
		{65BF0747-C367-448C-A685-3B1C0DC2EA4A}.Release|Any CPU.ActiveCfg = Release|Any CPU
		{65BF0747-C367-448C-A685-3B1C0DC2EA4A}.Release|Any CPU.Build.0 = Release|Any CPU
		{00F0B917-AC26-42DC-9D66-BB72765F245C}.Debug|Any CPU.ActiveCfg = Debug|Any CPU
		{00F0B917-AC26-42DC-9D66-BB72765F245C}.Debug|Any CPU.Build.0 = Debug|Any CPU
		{00F0B917-AC26-42DC-9D66-BB72765F245C}.Release|Any CPU.ActiveCfg = Release|Any CPU
		{00F0B917-AC26-42DC-9D66-BB72765F245C}.Release|Any CPU.Build.0 = Release|Any CPU
		{EA12CDB6-2522-49A3-828A-6A7BADEF14D5}.Debug|Any CPU.ActiveCfg = Debug|Any CPU
		{EA12CDB6-2522-49A3-828A-6A7BADEF14D5}.Debug|Any CPU.Build.0 = Debug|Any CPU
		{EA12CDB6-2522-49A3-828A-6A7BADEF14D5}.Release|Any CPU.ActiveCfg = Release|Any CPU
		{EA12CDB6-2522-49A3-828A-6A7BADEF14D5}.Release|Any CPU.Build.0 = Release|Any CPU
		{997E49A5-EB52-4FF5-A7B3-AD42DA619A6A}.Debug|Any CPU.ActiveCfg = Debug|Any CPU
		{997E49A5-EB52-4FF5-A7B3-AD42DA619A6A}.Debug|Any CPU.Build.0 = Debug|Any CPU
		{997E49A5-EB52-4FF5-A7B3-AD42DA619A6A}.Release|Any CPU.ActiveCfg = Release|Any CPU
		{997E49A5-EB52-4FF5-A7B3-AD42DA619A6A}.Release|Any CPU.Build.0 = Release|Any CPU
	EndGlobalSection
	GlobalSection(SolutionProperties) = preSolution
		HideSolutionNode = FALSE
	EndGlobalSection
	GlobalSection(ExtensibilityGlobals) = postSolution
		SolutionGuid = {FD0CE420-CA10-4DC4-94AB-0925C1667315}
	EndGlobalSection
EndGlobal
